
Microsoft Visual Studio Solution File, Format Version 12.00
# Visual Studio Version 17
VisualStudioVersion = 17.1.32328.378
MinimumVisualStudioVersion = 10.0.40219.1
Project("{FAE04EC0-301F-11D3-BF4B-00C04F79EFBC}") = "CDinner101", "CDinner101.csproj", "{8F2C2C30-5B5B-4AFC-B6C7-76B032D04382}"
EndProject
Global
	GlobalSection(SolutionConfigurationPlatforms) = preSolution
		Debug|Any CPU = Debug|Any CPU
		Release|Any CPU = Release|Any CPU
	EndGlobalSection
	GlobalSection(ProjectConfigurationPlatforms) = postSolution
		{8F2C2C30-5B5B-4AFC-B6C7-76B032D04382}.Debug|Any CPU.ActiveCfg = Debug|Any CPU
		{8F2C2C30-5B5B-4AFC-B6C7-76B032D04382}.Debug|Any CPU.Build.0 = Debug|Any CPU
		{8F2C2C30-5B5B-4AFC-B6C7-76B032D04382}.Release|Any CPU.ActiveCfg = Release|Any CPU
		{8F2C2C30-5B5B-4AFC-B6C7-76B032D04382}.Release|Any CPU.Build.0 = Release|Any CPU
	EndGlobalSection
	GlobalSection(SolutionProperties) = preSolution
		HideSolutionNode = FALSE
	EndGlobalSection
	GlobalSection(ExtensibilityGlobals) = postSolution
		SolutionGuid = {7AF88697-2473-402F-AAEF-97BE80A5A6FF}
	EndGlobalSection
EndGlobal
